
Microsoft Visual Studio Solution File, Format Version 12.00
# Visual Studio Version 16
VisualStudioVersion = 16.0.29806.167
MinimumVisualStudioVersion = 10.0.40219.1
Project("{9A19103F-16F7-4668-BE54-9A1E7A4F7556}") = "IANAToWindosTimezoneConverter1", "IANAToWindosTimezoneConverter1\IANAToWindosTimezoneConverter1.csproj", "{237D2C8B-A179-4D4B-8357-73C8CA1BB7E9}"
EndProject
Project("{FAE04EC0-301F-11D3-BF4B-00C04F79EFBC}") = "TimeZoneConverterTestProject1", "TimeZoneConverterTestProject1\TimeZoneConverterTestProject1.csproj", "{58110E27-FEB0-4FC6-A58B-57AAD97319E1}"
EndProject
Global
	GlobalSection(SolutionConfigurationPlatforms) = preSolution
		Debug|Any CPU = Debug|Any CPU
		Release|Any CPU = Release|Any CPU
	EndGlobalSection
	GlobalSection(ProjectConfigurationPlatforms) = postSolution
		{237D2C8B-A179-4D4B-8357-73C8CA1BB7E9}.Debug|Any CPU.ActiveCfg = Debug|Any CPU
		{237D2C8B-A179-4D4B-8357-73C8CA1BB7E9}.Debug|Any CPU.Build.0 = Debug|Any CPU
		{237D2C8B-A179-4D4B-8357-73C8CA1BB7E9}.Release|Any CPU.ActiveCfg = Release|Any CPU
		{237D2C8B-A179-4D4B-8357-73C8CA1BB7E9}.Release|Any CPU.Build.0 = Release|Any CPU
		{58110E27-FEB0-4FC6-A58B-57AAD97319E1}.Debug|Any CPU.ActiveCfg = Debug|Any CPU
		{58110E27-FEB0-4FC6-A58B-57AAD97319E1}.Debug|Any CPU.Build.0 = Debug|Any CPU
		{58110E27-FEB0-4FC6-A58B-57AAD97319E1}.Release|Any CPU.ActiveCfg = Release|Any CPU
		{58110E27-FEB0-4FC6-A58B-57AAD97319E1}.Release|Any CPU.Build.0 = Release|Any CPU
	EndGlobalSection
	GlobalSection(SolutionProperties) = preSolution
		HideSolutionNode = FALSE
	EndGlobalSection
	GlobalSection(ExtensibilityGlobals) = postSolution
		SolutionGuid = {BC04C2F8-A13D-443A-AF42-CDBA14FB68EC}
	EndGlobalSection
EndGlobal
